{
  "name": "kuzu-wasm-example-node",
  "version": "0.0.1",
  "lockfileVersion": 3,
  "requires": true,
  "packages": {
    "": {
      "name": "kuzu-wasm-example-node",
      "version": "0.0.1",
      "license": "MIT",
      "dependencies": {
        "kuzu-wasm": "^0.7.1-dev.10"
      }
    },
    "node_modules/kuzu-wasm": {
      "version": "0.7.1-dev.10",
      "resolved": "https://registry.npmjs.org/kuzu-wasm/-/kuzu-wasm-0.7.1-dev.10.tgz",
      "integrity": "sha512-33+PCHXSZGYGS5JFTHSlCIO0CdBg+sNI9MrRC1pseLgESn24sAXPatEUiPh7jG0pNZ1UuORwB5v83XwgG2YKXw==",
      "license": "MIT"
    }
  }
}
