{
  "name": "kuzu-wasm-example-node",
  "version": "0.0.1",
  "lockfileVersion": 3,
  "requires": true,
  "packages": {
    "": {
      "name": "kuzu-wasm-example-node",
      "version": "0.0.1",
      "license": "MIT",
      "dependencies": {
        "kuzu-wasm": "^0.7.1-dev.12"
      }
    },
    "node_modules/kuzu-wasm": {
      "version": "0.7.1-dev.12",
      "resolved": "https://registry.npmjs.org/kuzu-wasm/-/kuzu-wasm-0.7.1-dev.12.tgz",
      "integrity": "sha512-ozqpPExZu/rj7BCPPM7s0JDAa9LqzbRTK8eFM6PT0uTS/XW8YB1/oIVbP2B+RdarFphWd0t+QWxEMSMs34H62g==",
      "license": "MIT"
    }
  }
}
